<?xml version="1.0" encoding="utf-8"?>
<Project ToolsVersion="4.0" xmlns="http://schemas.microsoft.com/developer/msbuild/2003">
  <ItemGroup>
    <Filter Include="Source Files">
      <UniqueIdentifier>{4FC737F1-C7A5-4376-A066-2A32D752A2FF}</UniqueIdentifier>
      <Extensions>cpp;c;cc;cxx;c++;cppm;ixx;def;odl;idl;hpj;bat;asm;asmx</Extensions>
    </Filter>
    <Filter Include="Header Files">
      <UniqueIdentifier>{93995380-89BD-4b04-88EB-625FBE52EBFB}</UniqueIdentifier>
      <Extensions>h;hh;hpp;hxx;h++;hm;inl;inc;ipp;xsd</Extensions>
    </Filter>
    <Filter Include="Resource Files">
      <UniqueIdentifier>{67DA6AB6-F800-4c08-8B7A-83BB121AAD01}</UniqueIdentifier>
      <Extensions>rc;ico;cur;bmp;dlg;rc2;rct;bin;rgs;gif;jpg;jpeg;jpe;resx;tiff;tif;png;wav;mfcribbon-ms</Extensions>
    </Filter>
    <Filter Include="core">
      <UniqueIdentifier>{829ad96b-9b71-4b24-b7a6-3fa4bc7dc59c}</UniqueIdentifier>
    </Filter>
    <Filter Include="camera">
      <UniqueIdentifier>{cbce3bee-1a6a-4dab-9b30-7eaf061a114c}</UniqueIdentifier>
    </Filter>
    <Filter Include="geometry">
      <UniqueIdentifier>{d07bf272-9cb2-4995-ba8e-75e97ee72de0}</UniqueIdentifier>
    </Filter>
    <Filter Include="scene">
      <UniqueIdentifier>{36f1df5d-dcb6-4a62-8cc0-9204f33e259a}</UniqueIdentifier>
    </Filter>
    <Filter Include="renderer">
      <UniqueIdentifier>{fa0e72f3-e81f-49d8-adc4-5310ab00e0a8}</UniqueIdentifier>
    </Filter>
    <Filter Include="output">
      <UniqueIdentifier>{5c7245f7-e1f2-43cb-b043-64bc58633183}</UniqueIdentifier>
    </Filter>
  </ItemGroup>
  <ItemGroup>
    <ClCompile Include="raytracer_cpu.cpp">
      <Filter>Source Files</Filter>
    </ClCompile>
    <ClCompile Include="vec3.cpp">
      <Filter>core</Filter>
    </ClCompile>
    <ClCompile Include="ray.cpp">
      <Filter>core</Filter>
    </ClCompile>
    <ClCompile Include="sphere.cpp">
      <Filter>geometry</Filter>
    </ClCompile>
  </ItemGroup>
  <ItemGroup>
    <ClInclude Include="vec3.h">
      <Filter>core</Filter>
    </ClInclude>
    <ClInclude Include="ray.h">
      <Filter>core</Filter>
    </ClInclude>
    <ClInclude Include="sphere.h">
      <Filter>geometry</Filter>
    </ClInclude>
  </ItemGroup>
</Project>