
Microsoft Visual Studio Solution File, Format Version 12.00
# Visual Studio Version 17
VisualStudioVersion = 17.14.36623.8 d17.14
MinimumVisualStudioVersion = 10.0.40219.1
Project("{8BC9CEB8-8B4A-11D0-8D11-00A0C91BC942}") = "raytracer_cpu", "raytracer_cpu\raytracer_cpu.vcxproj", "{E50D7B4A-A2EA-4F8F-9761-64AA81298ED8}"
EndProject
Global
	GlobalSection(SolutionConfigurationPlatforms) = preSolution
		Debug|x64 = Debug|x64
		Debug|x86 = Debug|x86
		Release|x64 = Release|x64
		Release|x86 = Release|x86
	EndGlobalSection
	GlobalSection(ProjectConfigurationPlatforms) = postSolution
		{E50D7B4A-A2EA-4F8F-9761-64AA81298ED8}.Debug|x64.ActiveCfg = Debug|x64
		{E50D7B4A-A2EA-4F8F-9761-64AA81298ED8}.Debug|x64.Build.0 = Debug|x64
		{E50D7B4A-A2EA-4F8F-9761-64AA81298ED8}.Debug|x86.ActiveCfg = Debug|Win32
		{E50D7B4A-A2EA-4F8F-9761-64AA81298ED8}.Debug|x86.Build.0 = Debug|Win32
		{E50D7B4A-A2EA-4F8F-9761-64AA81298ED8}.Release|x64.ActiveCfg = Release|x64
		{E50D7B4A-A2EA-4F8F-9761-64AA81298ED8}.Release|x64.Build.0 = Release|x64
		{E50D7B4A-A2EA-4F8F-9761-64AA81298ED8}.Release|x86.ActiveCfg = Release|Win32
		{E50D7B4A-A2EA-4F8F-9761-64AA81298ED8}.Release|x86.Build.0 = Release|Win32
	EndGlobalSection
	GlobalSection(SolutionProperties) = preSolution
		HideSolutionNode = FALSE
	EndGlobalSection
	GlobalSection(ExtensibilityGlobals) = postSolution
		SolutionGuid = {5AB7E966-9FE5-4393-870E-CE358DDD7B0F}
	EndGlobalSection
EndGlobal
